{
    "name": "my-project",
    "lockfileVersion": 2,
    "requires": true,
    "packages": {
        "": {
            "name": "my-project",
            "workspaces": [
                "packages/a"
            ]
        },
        "packages/a": {
            "version": "0.0.0-semantically-released",
            "extraneous": true
        }
    }
}
